// !$*UTF8*$!
{
	archiveVersion = 1;
	classes = {
	};
	objectVersion = 50;
	objects = {

/* Begin PBXBuildFile section */
		6D6BEFB61CE05070C1A056C1 /* Pods_InvestmentTests.framework in Frameworks */ = {isa = PBXBuildFile; fileRef = 79B1FE485871E4069EDABF4D /* Pods_InvestmentTests.framework */; };
		C618D2BCA8E77D8D84CBDE8D /* Pods_Investment.framework in Frameworks */ = {isa = PBXBuildFile; fileRef = D6E70930D999CCB5BAF87C0B /* Pods_Investment.framework */; };
		EE662BB1B0C8746D8800E361 /* Pods_InvestmentUITests.framework in Frameworks */ = {isa = PBXBuildFile; fileRef = 01EE0092746CBB536B06F962 /* Pods_InvestmentUITests.framework */; };
		EF9EED0B232C0EB200613058 /* Theme.swift in Sources */ = {isa = PBXBuildFile; fileRef = EF9EED0A232C0EB200613058 /* Theme.swift */; };
		EF9EED0D232C0F0600613058 /* Color+Extension.swift in Sources */ = {isa = PBXBuildFile; fileRef = EF9EED0C232C0F0600613058 /* Color+Extension.swift */; };
		EF9EED0F232C0F2000613058 /* Constants.swift in Sources */ = {isa = PBXBuildFile; fileRef = EF9EED0E232C0F2000613058 /* Constants.swift */; };
		EF9EED12232C11F500613058 /* CollectionViewCell+Extension.swift in Sources */ = {isa = PBXBuildFile; fileRef = EF9EED11232C11F500613058 /* CollectionViewCell+Extension.swift */; };
		EF9EED14232C122800613058 /* Fonts.swift in Sources */ = {isa = PBXBuildFile; fileRef = EF9EED13232C122800613058 /* Fonts.swift */; };
		EF9EED1B232C159D00613058 /* DINEngschriftStd.otf in Resources */ = {isa = PBXBuildFile; fileRef = EF9EED15232C159C00613058 /* DINEngschriftStd.otf */; };
		EF9EED1C232C159D00613058 /* DINPro-Bold.otf in Resources */ = {isa = PBXBuildFile; fileRef = EF9EED16232C159C00613058 /* DINPro-Bold.otf */; };
		EF9EED1D232C159D00613058 /* DINPro-Light.otf in Resources */ = {isa = PBXBuildFile; fileRef = EF9EED17232C159C00613058 /* DINPro-Light.otf */; };
		EF9EED1E232C159D00613058 /* DINPro-Medium.otf in Resources */ = {isa = PBXBuildFile; fileRef = EF9EED18232C159D00613058 /* DINPro-Medium.otf */; };
		EF9EED1F232C159D00613058 /* DINPro-Regular.otf in Resources */ = {isa = PBXBuildFile; fileRef = EF9EED19232C159D00613058 /* DINPro-Regular.otf */; };
		EF9EED20232C159D00613058 /* DINPro-Black.otf in Resources */ = {isa = PBXBuildFile; fileRef = EF9EED1A232C159D00613058 /* DINPro-Black.otf */; };
		EF9EED22232C175000613058 /* Login.storyboard in Resources */ = {isa = PBXBuildFile; fileRef = EF9EED21232C175000613058 /* Login.storyboard */; };
		EF9EED24232C17A000613058 /* LoginViewController.swift in Sources */ = {isa = PBXBuildFile; fileRef = EF9EED23232C17A000613058 /* LoginViewController.swift */; };
		EF9EED26232C1B7600613058 /* SetupUI.swift in Sources */ = {isa = PBXBuildFile; fileRef = EF9EED25232C1B7600613058 /* SetupUI.swift */; };
		EF9EED28232C1C4900613058 /* Style.swift in Sources */ = {isa = PBXBuildFile; fileRef = EF9EED27232C1C4900613058 /* Style.swift */; };
		EFD8A2EE232BF62C00943BAB /* AppDelegate.swift in Sources */ = {isa = PBXBuildFile; fileRef = EFD8A2ED232BF62C00943BAB /* AppDelegate.swift */; };
		EFD8A2F0232BF62C00943BAB /* ViewController.swift in Sources */ = {isa = PBXBuildFile; fileRef = EFD8A2EF232BF62C00943BAB /* ViewController.swift */; };
		EFD8A2F3232BF62C00943BAB /* Main.storyboard in Resources */ = {isa = PBXBuildFile; fileRef = EFD8A2F1232BF62C00943BAB /* Main.storyboard */; };
		EFD8A2F6232BF62C00943BAB /* Investment.xcdatamodeld in Sources */ = {isa = PBXBuildFile; fileRef = EFD8A2F4232BF62C00943BAB /* Investment.xcdatamodeld */; };
		EFD8A2F8232BF62C00943BAB /* Assets.xcassets in Resources */ = {isa = PBXBuildFile; fileRef = EFD8A2F7232BF62C00943BAB /* Assets.xcassets */; };
		EFD8A2FB232BF62C00943BAB /* LaunchScreen.storyboard in Resources */ = {isa = PBXBuildFile; fileRef = EFD8A2F9232BF62C00943BAB /* LaunchScreen.storyboard */; };
		EFD8A306232BF62D00943BAB /* InvestmentTests.swift in Sources */ = {isa = PBXBuildFile; fileRef = EFD8A305232BF62D00943BAB /* InvestmentTests.swift */; };
		EFD8A311232BF62D00943BAB /* InvestmentUITests.swift in Sources */ = {isa = PBXBuildFile; fileRef = EFD8A310232BF62D00943BAB /* InvestmentUITests.swift */; };
/* End PBXBuildFile section */

/* Begin PBXContainerItemProxy section */
		EFD8A302232BF62D00943BAB /* PBXContainerItemProxy */ = {
			isa = PBXContainerItemProxy;
			containerPortal = EFD8A2E2232BF62C00943BAB /* Project object */;
			proxyType = 1;
			remoteGlobalIDString = EFD8A2E9232BF62C00943BAB;
			remoteInfo = Investment;
		};
		EFD8A30D232BF62D00943BAB /* PBXContainerItemProxy */ = {
			isa = PBXContainerItemProxy;
			containerPortal = EFD8A2E2232BF62C00943BAB /* Project object */;
			proxyType = 1;
			remoteGlobalIDString = EFD8A2E9232BF62C00943BAB;
			remoteInfo = Investment;
		};
/* End PBXContainerItemProxy section */

/* Begin PBXFileReference section */
		01EE0092746CBB536B06F962 /* Pods_InvestmentUITests.framework */ = {isa = PBXFileReference; explicitFileType = wrapper.framework; includeInIndex = 0; path = Pods_InvestmentUITests.framework; sourceTree = BUILT_PRODUCTS_DIR; };
		4309D9C52D46D7FD22A17727 /* Pods-InvestmentTests.release.xcconfig */ = {isa = PBXFileReference; includeInIndex = 1; lastKnownFileType = text.xcconfig; name = "Pods-InvestmentTests.release.xcconfig"; path = "Target Support Files/Pods-InvestmentTests/Pods-InvestmentTests.release.xcconfig"; sourceTree = "<group>"; };
		512C82358D62739B4B6FC363 /* Pods-InvestmentUITests.release.xcconfig */ = {isa = PBXFileReference; includeInIndex = 1; lastKnownFileType = text.xcconfig; name = "Pods-InvestmentUITests.release.xcconfig"; path = "Target Support Files/Pods-InvestmentUITests/Pods-InvestmentUITests.release.xcconfig"; sourceTree = "<group>"; };
		79B1FE485871E4069EDABF4D /* Pods_InvestmentTests.framework */ = {isa = PBXFileReference; explicitFileType = wrapper.framework; includeInIndex = 0; path = Pods_InvestmentTests.framework; sourceTree = BUILT_PRODUCTS_DIR; };
		8B82043C098FA6EBE5A2590C /* Pods-InvestmentUITests.debug.xcconfig */ = {isa = PBXFileReference; includeInIndex = 1; lastKnownFileType = text.xcconfig; name = "Pods-InvestmentUITests.debug.xcconfig"; path = "Target Support Files/Pods-InvestmentUITests/Pods-InvestmentUITests.debug.xcconfig"; sourceTree = "<group>"; };
		9C99B3AA8F348681B03F065C /* Pods-InvestmentTests.debug.xcconfig */ = {isa = PBXFileReference; includeInIndex = 1; lastKnownFileType = text.xcconfig; name = "Pods-InvestmentTests.debug.xcconfig"; path = "Target Support Files/Pods-InvestmentTests/Pods-InvestmentTests.debug.xcconfig"; sourceTree = "<group>"; };
		B613B81FBB033BE8D7EC88D1 /* Pods-Investment.debug.xcconfig */ = {isa = PBXFileReference; includeInIndex = 1; lastKnownFileType = text.xcconfig; name = "Pods-Investment.debug.xcconfig"; path = "Target Support Files/Pods-Investment/Pods-Investment.debug.xcconfig"; sourceTree = "<group>"; };
		D6E70930D999CCB5BAF87C0B /* Pods_Investment.framework */ = {isa = PBXFileReference; explicitFileType = wrapper.framework; includeInIndex = 0; path = Pods_Investment.framework; sourceTree = BUILT_PRODUCTS_DIR; };
		EC0D9C54209EE9A3D9FF029C /* Pods-Investment.release.xcconfig */ = {isa = PBXFileReference; includeInIndex = 1; lastKnownFileType = text.xcconfig; name = "Pods-Investment.release.xcconfig"; path = "Target Support Files/Pods-Investment/Pods-Investment.release.xcconfig"; sourceTree = "<group>"; };
		EF9EED0A232C0EB200613058 /* Theme.swift */ = {isa = PBXFileReference; lastKnownFileType = sourcecode.swift; path = Theme.swift; sourceTree = "<group>"; };
		EF9EED0C232C0F0600613058 /* Color+Extension.swift */ = {isa = PBXFileReference; lastKnownFileType = sourcecode.swift; path = "Color+Extension.swift"; sourceTree = "<group>"; };
		EF9EED0E232C0F2000613058 /* Constants.swift */ = {isa = PBXFileReference; lastKnownFileType = sourcecode.swift; path = Constants.swift; sourceTree = "<group>"; };
		EF9EED11232C11F500613058 /* CollectionViewCell+Extension.swift */ = {isa = PBXFileReference; lastKnownFileType = sourcecode.swift; path = "CollectionViewCell+Extension.swift"; sourceTree = "<group>"; };
		EF9EED13232C122800613058 /* Fonts.swift */ = {isa = PBXFileReference; lastKnownFileType = sourcecode.swift; path = Fonts.swift; sourceTree = "<group>"; };
		EF9EED15232C159C00613058 /* DINEngschriftStd.otf */ = {isa = PBXFileReference; lastKnownFileType = file; path = DINEngschriftStd.otf; sourceTree = "<group>"; };
		EF9EED16232C159C00613058 /* DINPro-Bold.otf */ = {isa = PBXFileReference; lastKnownFileType = file; path = "DINPro-Bold.otf"; sourceTree = "<group>"; };
		EF9EED17232C159C00613058 /* DINPro-Light.otf */ = {isa = PBXFileReference; lastKnownFileType = file; path = "DINPro-Light.otf"; sourceTree = "<group>"; };
		EF9EED18232C159D00613058 /* DINPro-Medium.otf */ = {isa = PBXFileReference; lastKnownFileType = file; path = "DINPro-Medium.otf"; sourceTree = "<group>"; };
		EF9EED19232C159D00613058 /* DINPro-Regular.otf */ = {isa = PBXFileReference; lastKnownFileType = file; path = "DINPro-Regular.otf"; sourceTree = "<group>"; };
		EF9EED1A232C159D00613058 /* DINPro-Black.otf */ = {isa = PBXFileReference; lastKnownFileType = file; path = "DINPro-Black.otf"; sourceTree = "<group>"; };
		EF9EED21232C175000613058 /* Login.storyboard */ = {isa = PBXFileReference; lastKnownFileType = file.storyboard; path = Login.storyboard; sourceTree = "<group>"; };
		EF9EED23232C17A000613058 /* LoginViewController.swift */ = {isa = PBXFileReference; lastKnownFileType = sourcecode.swift; path = LoginViewController.swift; sourceTree = "<group>"; };
		EF9EED25232C1B7600613058 /* SetupUI.swift */ = {isa = PBXFileReference; lastKnownFileType = sourcecode.swift; path = SetupUI.swift; sourceTree = "<group>"; };
		EF9EED27232C1C4900613058 /* Style.swift */ = {isa = PBXFileReference; lastKnownFileType = sourcecode.swift; path = Style.swift; sourceTree = "<group>"; };
		EFD8A2EA232BF62C00943BAB /* Investment.app */ = {isa = PBXFileReference; explicitFileType = wrapper.application; includeInIndex = 0; path = Investment.app; sourceTree = BUILT_PRODUCTS_DIR; };
		EFD8A2ED232BF62C00943BAB /* AppDelegate.swift */ = {isa = PBXFileReference; lastKnownFileType = sourcecode.swift; path = AppDelegate.swift; sourceTree = "<group>"; };
		EFD8A2EF232BF62C00943BAB /* ViewController.swift */ = {isa = PBXFileReference; lastKnownFileType = sourcecode.swift; path = ViewController.swift; sourceTree = "<group>"; };
		EFD8A2F2232BF62C00943BAB /* Base */ = {isa = PBXFileReference; lastKnownFileType = file.storyboard; name = Base; path = Base.lproj/Main.storyboard; sourceTree = "<group>"; };
		EFD8A2F5232BF62C00943BAB /* Investment.xcdatamodel */ = {isa = PBXFileReference; lastKnownFileType = wrapper.xcdatamodel; path = Investment.xcdatamodel; sourceTree = "<group>"; };
		EFD8A2F7232BF62C00943BAB /* Assets.xcassets */ = {isa = PBXFileReference; lastKnownFileType = folder.assetcatalog; path = Assets.xcassets; sourceTree = "<group>"; };
		EFD8A2FA232BF62C00943BAB /* Base */ = {isa = PBXFileReference; lastKnownFileType = file.storyboard; name = Base; path = Base.lproj/LaunchScreen.storyboard; sourceTree = "<group>"; };
		EFD8A2FC232BF62C00943BAB /* Info.plist */ = {isa = PBXFileReference; lastKnownFileType = text.plist.xml; path = Info.plist; sourceTree = "<group>"; };
		EFD8A301232BF62D00943BAB /* InvestmentTests.xctest */ = {isa = PBXFileReference; explicitFileType = wrapper.cfbundle; includeInIndex = 0; path = InvestmentTests.xctest; sourceTree = BUILT_PRODUCTS_DIR; };
		EFD8A305232BF62D00943BAB /* InvestmentTests.swift */ = {isa = PBXFileReference; lastKnownFileType = sourcecode.swift; path = InvestmentTests.swift; sourceTree = "<group>"; };
		EFD8A307232BF62D00943BAB /* Info.plist */ = {isa = PBXFileReference; lastKnownFileType = text.plist.xml; path = Info.plist; sourceTree = "<group>"; };
		EFD8A30C232BF62D00943BAB /* InvestmentUITests.xctest */ = {isa = PBXFileReference; explicitFileType = wrapper.cfbundle; includeInIndex = 0; path = InvestmentUITests.xctest; sourceTree = BUILT_PRODUCTS_DIR; };
		EFD8A310232BF62D00943BAB /* InvestmentUITests.swift */ = {isa = PBXFileReference; lastKnownFileType = sourcecode.swift; path = InvestmentUITests.swift; sourceTree = "<group>"; };
		EFD8A312232BF62D00943BAB /* Info.plist */ = {isa = PBXFileReference; lastKnownFileType = text.plist.xml; path = Info.plist; sourceTree = "<group>"; };
/* End PBXFileReference section */

/* Begin PBXFrameworksBuildPhase section */
		EFD8A2E7232BF62C00943BAB /* Frameworks */ = {
			isa = PBXFrameworksBuildPhase;
			buildActionMask = 2147483647;
			files = (
				C618D2BCA8E77D8D84CBDE8D /* Pods_Investment.framework in Frameworks */,
			);
			runOnlyForDeploymentPostprocessing = 0;
		};
		EFD8A2FE232BF62D00943BAB /* Frameworks */ = {
			isa = PBXFrameworksBuildPhase;
			buildActionMask = 2147483647;
			files = (
				6D6BEFB61CE05070C1A056C1 /* Pods_InvestmentTests.framework in Frameworks */,
			);
			runOnlyForDeploymentPostprocessing = 0;
		};
		EFD8A309232BF62D00943BAB /* Frameworks */ = {
			isa = PBXFrameworksBuildPhase;
			buildActionMask = 2147483647;
			files = (
				EE662BB1B0C8746D8800E361 /* Pods_InvestmentUITests.framework in Frameworks */,
			);
			runOnlyForDeploymentPostprocessing = 0;
		};
/* End PBXFrameworksBuildPhase section */

/* Begin PBXGroup section */
		392E5AA4995F5F5CA8DA06B9 /* Pods */ = {
			isa = PBXGroup;
			children = (
				B613B81FBB033BE8D7EC88D1 /* Pods-Investment.debug.xcconfig */,
				EC0D9C54209EE9A3D9FF029C /* Pods-Investment.release.xcconfig */,
				9C99B3AA8F348681B03F065C /* Pods-InvestmentTests.debug.xcconfig */,
				4309D9C52D46D7FD22A17727 /* Pods-InvestmentTests.release.xcconfig */,
				8B82043C098FA6EBE5A2590C /* Pods-InvestmentUITests.debug.xcconfig */,
				512C82358D62739B4B6FC363 /* Pods-InvestmentUITests.release.xcconfig */,
			);
			path = Pods;
			sourceTree = "<group>";
		};
		BDEFAB0D46C98FF5AB9E5483 /* Frameworks */ = {
			isa = PBXGroup;
			children = (
				D6E70930D999CCB5BAF87C0B /* Pods_Investment.framework */,
				79B1FE485871E4069EDABF4D /* Pods_InvestmentTests.framework */,
				01EE0092746CBB536B06F962 /* Pods_InvestmentUITests.framework */,
			);
			name = Frameworks;
			sourceTree = "<group>";
		};
		EF9EED09232C0E2600613058 /* Theme */ = {
			isa = PBXGroup;
			children = (
				EF9EED0A232C0EB200613058 /* Theme.swift */,
				EF9EED0C232C0F0600613058 /* Color+Extension.swift */,
				EF9EED13232C122800613058 /* Fonts.swift */,
				EF9EED27232C1C4900613058 /* Style.swift */,
			);
			path = Theme;
			sourceTree = "<group>";
		};
		EF9EED10232C111000613058 /* fonts */ = {
			isa = PBXGroup;
			children = (
				EF9EED15232C159C00613058 /* DINEngschriftStd.otf */,
				EF9EED1A232C159D00613058 /* DINPro-Black.otf */,
				EF9EED16232C159C00613058 /* DINPro-Bold.otf */,
				EF9EED17232C159C00613058 /* DINPro-Light.otf */,
				EF9EED18232C159D00613058 /* DINPro-Medium.otf */,
				EF9EED19232C159D00613058 /* DINPro-Regular.otf */,
			);
			path = fonts;
			sourceTree = "<group>";
		};
		EFD8A2E1232BF62C00943BAB = {
			isa = PBXGroup;
			children = (
				EFD8A2EC232BF62C00943BAB /* Investment */,
				EFD8A304232BF62D00943BAB /* InvestmentTests */,
				EFD8A30F232BF62D00943BAB /* InvestmentUITests */,
				EFD8A2EB232BF62C00943BAB /* Products */,
				392E5AA4995F5F5CA8DA06B9 /* Pods */,
				BDEFAB0D46C98FF5AB9E5483 /* Frameworks */,
			);
			sourceTree = "<group>";
		};
		EFD8A2EB232BF62C00943BAB /* Products */ = {
			isa = PBXGroup;
			children = (
				EFD8A2EA232BF62C00943BAB /* Investment.app */,
				EFD8A301232BF62D00943BAB /* InvestmentTests.xctest */,
				EFD8A30C232BF62D00943BAB /* InvestmentUITests.xctest */,
			);
			name = Products;
			sourceTree = "<group>";
		};
		EFD8A2EC232BF62C00943BAB /* Investment */ = {
			isa = PBXGroup;
			children = (
				EF9EED10232C111000613058 /* fonts */,
				EFD8A320232BF6A900943BAB /* Assets */,
				EFD8A321232BF6C000943BAB /* Cells */,
				EFD8A31F232BF69500943BAB /* Controllers */,
				EFD8A324232BF6DF00943BAB /* Home */,
				EFD8A322232BF6CC00943BAB /* Network */,
				EFD8A323232BF6D100943BAB /* Utils */,
				EFD8A31E232BF68B00943BAB /* Views */,
				EFD8A2ED232BF62C00943BAB /* AppDelegate.swift */,
				EFD8A2EF232BF62C00943BAB /* ViewController.swift */,
				EFD8A2F1232BF62C00943BAB /* Main.storyboard */,
				EFD8A2F9232BF62C00943BAB /* LaunchScreen.storyboard */,
				EFD8A2FC232BF62C00943BAB /* Info.plist */,
				EFD8A2F4232BF62C00943BAB /* Investment.xcdatamodeld */,
			);
			path = Investment;
			sourceTree = "<group>";
		};
		EFD8A304232BF62D00943BAB /* InvestmentTests */ = {
			isa = PBXGroup;
			children = (
				EFD8A305232BF62D00943BAB /* InvestmentTests.swift */,
				EFD8A307232BF62D00943BAB /* Info.plist */,
			);
			path = InvestmentTests;
			sourceTree = "<group>";
		};
		EFD8A30F232BF62D00943BAB /* InvestmentUITests */ = {
			isa = PBXGroup;
			children = (
				EFD8A310232BF62D00943BAB /* InvestmentUITests.swift */,
				EFD8A312232BF62D00943BAB /* Info.plist */,
			);
			path = InvestmentUITests;
			sourceTree = "<group>";
		};
		EFD8A31E232BF68B00943BAB /* Views */ = {
			isa = PBXGroup;
			children = (
				EF9EED21232C175000613058 /* Login.storyboard */,
			);
			path = Views;
			sourceTree = "<group>";
		};
		EFD8A31F232BF69500943BAB /* Controllers */ = {
			isa = PBXGroup;
			children = (
				EF9EED23232C17A000613058 /* LoginViewController.swift */,
			);
			path = Controllers;
			sourceTree = "<group>";
		};
		EFD8A320232BF6A900943BAB /* Assets */ = {
			isa = PBXGroup;
			children = (
				EFD8A2F7232BF62C00943BAB /* Assets.xcassets */,
			);
			path = Assets;
			sourceTree = "<group>";
		};
		EFD8A321232BF6C000943BAB /* Cells */ = {
			isa = PBXGroup;
			children = (
			);
			path = Cells;
			sourceTree = "<group>";
		};
		EFD8A322232BF6CC00943BAB /* Network */ = {
			isa = PBXGroup;
			children = (
			);
			path = Network;
			sourceTree = "<group>";
		};
		EFD8A323232BF6D100943BAB /* Utils */ = {
			isa = PBXGroup;
			children = (
				EF9EED09232C0E2600613058 /* Theme */,
				EF9EED0E232C0F2000613058 /* Constants.swift */,
				EF9EED11232C11F500613058 /* CollectionViewCell+Extension.swift */,
				EF9EED25232C1B7600613058 /* SetupUI.swift */,
			);
			path = Utils;
			sourceTree = "<group>";
		};
		EFD8A324232BF6DF00943BAB /* Home */ = {
			isa = PBXGroup;
			children = (
			);
			path = Home;
			sourceTree = "<group>";
		};
/* End PBXGroup section */

/* Begin PBXNativeTarget section */
		EFD8A2E9232BF62C00943BAB /* Investment */ = {
			isa = PBXNativeTarget;
			buildConfigurationList = EFD8A315232BF62D00943BAB /* Build configuration list for PBXNativeTarget "Investment" */;
			buildPhases = (
				92EE28AB3AD6A6F9367D3050 /* [CP] Check Pods Manifest.lock */,
				EFD8A2E6232BF62C00943BAB /* Sources */,
				EFD8A2E7232BF62C00943BAB /* Frameworks */,
				EFD8A2E8232BF62C00943BAB /* Resources */,
				572565E162BF524B68E270BA /* [CP] Embed Pods Frameworks */,
			);
			buildRules = (
			);
			dependencies = (
			);
			name = Investment;
			productName = Investment;
			productReference = EFD8A2EA232BF62C00943BAB /* Investment.app */;
			productType = "com.apple.product-type.application";
		};
		EFD8A300232BF62D00943BAB /* InvestmentTests */ = {
			isa = PBXNativeTarget;
			buildConfigurationList = EFD8A318232BF62D00943BAB /* Build configuration list for PBXNativeTarget "InvestmentTests" */;
			buildPhases = (
				64D3086376C90077113DEFDB /* [CP] Check Pods Manifest.lock */,
				EFD8A2FD232BF62D00943BAB /* Sources */,
				EFD8A2FE232BF62D00943BAB /* Frameworks */,
				EFD8A2FF232BF62D00943BAB /* Resources */,
			);
			buildRules = (
			);
			dependencies = (
				EFD8A303232BF62D00943BAB /* PBXTargetDependency */,
			);
			name = InvestmentTests;
			productName = InvestmentTests;
			productReference = EFD8A301232BF62D00943BAB /* InvestmentTests.xctest */;
			productType = "com.apple.product-type.bundle.unit-test";
		};
		EFD8A30B232BF62D00943BAB /* InvestmentUITests */ = {
			isa = PBXNativeTarget;
			buildConfigurationList = EFD8A31B232BF62D00943BAB /* Build configuration list for PBXNativeTarget "InvestmentUITests" */;
			buildPhases = (
				AF9B64F57A60235F095F13FC /* [CP] Check Pods Manifest.lock */,
				EFD8A308232BF62D00943BAB /* Sources */,
				EFD8A309232BF62D00943BAB /* Frameworks */,
				EFD8A30A232BF62D00943BAB /* Resources */,
			);
			buildRules = (
			);
			dependencies = (
				EFD8A30E232BF62D00943BAB /* PBXTargetDependency */,
			);
			name = InvestmentUITests;
			productName = InvestmentUITests;
			productReference = EFD8A30C232BF62D00943BAB /* InvestmentUITests.xctest */;
			productType = "com.apple.product-type.bundle.ui-testing";
		};
/* End PBXNativeTarget section */

/* Begin PBXProject section */
		EFD8A2E2232BF62C00943BAB /* Project object */ = {
			isa = PBXProject;
			attributes = {
				LastSwiftUpdateCheck = 1030;
				LastUpgradeCheck = 1030;
				ORGANIZATIONNAME = tcasablancas;
				TargetAttributes = {
					EFD8A2E9232BF62C00943BAB = {
						CreatedOnToolsVersion = 10.3;
					};
					EFD8A300232BF62D00943BAB = {
						CreatedOnToolsVersion = 10.3;
						TestTargetID = EFD8A2E9232BF62C00943BAB;
					};
					EFD8A30B232BF62D00943BAB = {
						CreatedOnToolsVersion = 10.3;
						TestTargetID = EFD8A2E9232BF62C00943BAB;
					};
				};
			};
			buildConfigurationList = EFD8A2E5232BF62C00943BAB /* Build configuration list for PBXProject "Investment" */;
			compatibilityVersion = "Xcode 9.3";
			developmentRegion = en;
			hasScannedForEncodings = 0;
			knownRegions = (
				en,
				Base,
			);
			mainGroup = EFD8A2E1232BF62C00943BAB;
			productRefGroup = EFD8A2EB232BF62C00943BAB /* Products */;
			projectDirPath = "";
			projectRoot = "";
			targets = (
				EFD8A2E9232BF62C00943BAB /* Investment */,
				EFD8A300232BF62D00943BAB /* InvestmentTests */,
				EFD8A30B232BF62D00943BAB /* InvestmentUITests */,
			);
		};
/* End PBXProject section */

/* Begin PBXResourcesBuildPhase section */
		EFD8A2E8232BF62C00943BAB /* Resources */ = {
			isa = PBXResourcesBuildPhase;
			buildActionMask = 2147483647;
			files = (
				EFD8A2FB232BF62C00943BAB /* LaunchScreen.storyboard in Resources */,
				EFD8A2F8232BF62C00943BAB /* Assets.xcassets in Resources */,
				EF9EED1D232C159D00613058 /* DINPro-Light.otf in Resources */,
				EF9EED1B232C159D00613058 /* DINEngschriftStd.otf in Resources */,
				EF9EED1F232C159D00613058 /* DINPro-Regular.otf in Resources */,
				EF9EED20232C159D00613058 /* DINPro-Black.otf in Resources */,
				EFD8A2F3232BF62C00943BAB /* Main.storyboard in Resources */,
				EF9EED1C232C159D00613058 /* DINPro-Bold.otf in Resources */,
				EF9EED22232C175000613058 /* Login.storyboard in Resources */,
				EF9EED1E232C159D00613058 /* DINPro-Medium.otf in Resources */,
			);
			runOnlyForDeploymentPostprocessing = 0;
		};
		EFD8A2FF232BF62D00943BAB /* Resources */ = {
			isa = PBXResourcesBuildPhase;
			buildActionMask = 2147483647;
			files = (
			);
			runOnlyForDeploymentPostprocessing = 0;
		};
		EFD8A30A232BF62D00943BAB /* Resources */ = {
			isa = PBXResourcesBuildPhase;
			buildActionMask = 2147483647;
			files = (
			);
			runOnlyForDeploymentPostprocessing = 0;
		};
/* End PBXResourcesBuildPhase section */

/* Begin PBXShellScriptBuildPhase section */
		572565E162BF524B68E270BA /* [CP] Embed Pods Frameworks */ = {
			isa = PBXShellScriptBuildPhase;
			buildActionMask = 2147483647;
			files = (
			);
			inputFileListPaths = (
			);
			inputPaths = (
				"${PODS_ROOT}/Target Support Files/Pods-Investment/Pods-Investment-frameworks.sh",
				"${BUILT_PRODUCTS_DIR}/IQKeyboardManager/IQKeyboardManager.framework",
				"${BUILT_PRODUCTS_DIR}/IQKeyboardManagerSwift/IQKeyboardManagerSwift.framework",
				"${BUILT_PRODUCTS_DIR}/MDFInternationalization/MDFInternationalization.framework",
				"${BUILT_PRODUCTS_DIR}/MaterialComponents/MaterialComponents.framework",
				"${BUILT_PRODUCTS_DIR}/TextFieldEffects/TextFieldEffects.framework",
			);
			name = "[CP] Embed Pods Frameworks";
			outputFileListPaths = (
			);
			outputPaths = (
				"${TARGET_BUILD_DIR}/${FRAMEWORKS_FOLDER_PATH}/IQKeyboardManager.framework",
				"${TARGET_BUILD_DIR}/${FRAMEWORKS_FOLDER_PATH}/IQKeyboardManagerSwift.framework",
				"${TARGET_BUILD_DIR}/${FRAMEWORKS_FOLDER_PATH}/MDFInternationalization.framework",
				"${TARGET_BUILD_DIR}/${FRAMEWORKS_FOLDER_PATH}/MaterialComponents.framework",
				"${TARGET_BUILD_DIR}/${FRAMEWORKS_FOLDER_PATH}/TextFieldEffects.framework",
			);
			runOnlyForDeploymentPostprocessing = 0;
			shellPath = /bin/sh;
			shellScript = "\"${PODS_ROOT}/Target Support Files/Pods-Investment/Pods-Investment-frameworks.sh\"\n";
			showEnvVarsInLog = 0;
		};
		64D3086376C90077113DEFDB /* [CP] Check Pods Manifest.lock */ = {
			isa = PBXShellScriptBuildPhase;
			buildActionMask = 2147483647;
			files = (
			);
			inputFileListPaths = (
			);
			inputPaths = (
				"${PODS_PODFILE_DIR_PATH}/Podfile.lock",
				"${PODS_ROOT}/Manifest.lock",
			);
			name = "[CP] Check Pods Manifest.lock";
			outputFileListPaths = (
			);
			outputPaths = (
				"$(DERIVED_FILE_DIR)/Pods-InvestmentTests-checkManifestLockResult.txt",
			);
			runOnlyForDeploymentPostprocessing = 0;
			shellPath = /bin/sh;
			shellScript = "diff \"${PODS_PODFILE_DIR_PATH}/Podfile.lock\" \"${PODS_ROOT}/Manifest.lock\" > /dev/null\nif [ $? != 0 ] ; then\n    # print error to STDERR\n    echo \"error: The sandbox is not in sync with the Podfile.lock. Run 'pod install' or update your CocoaPods installation.\" >&2\n    exit 1\nfi\n# This output is used by Xcode 'outputs' to avoid re-running this script phase.\necho \"SUCCESS\" > \"${SCRIPT_OUTPUT_FILE_0}\"\n";
			showEnvVarsInLog = 0;
		};
		92EE28AB3AD6A6F9367D3050 /* [CP] Check Pods Manifest.lock */ = {
			isa = PBXShellScriptBuildPhase;
			buildActionMask = 2147483647;
			files = (
			);
			inputFileListPaths = (
			);
			inputPaths = (
				"${PODS_PODFILE_DIR_PATH}/Podfile.lock",
				"${PODS_ROOT}/Manifest.lock",
			);
			name = "[CP] Check Pods Manifest.lock";
			outputFileListPaths = (
			);
			outputPaths = (
				"$(DERIVED_FILE_DIR)/Pods-Investment-checkManifestLockResult.txt",
			);
			runOnlyForDeploymentPostprocessing = 0;
			shellPath = /bin/sh;
			shellScript = "diff \"${PODS_PODFILE_DIR_PATH}/Podfile.lock\" \"${PODS_ROOT}/Manifest.lock\" > /dev/null\nif [ $? != 0 ] ; then\n    # print error to STDERR\n    echo \"error: The sandbox is not in sync with the Podfile.lock. Run 'pod install' or update your CocoaPods installation.\" >&2\n    exit 1\nfi\n# This output is used by Xcode 'outputs' to avoid re-running this script phase.\necho \"SUCCESS\" > \"${SCRIPT_OUTPUT_FILE_0}\"\n";
			showEnvVarsInLog = 0;
		};
		AF9B64F57A60235F095F13FC /* [CP] Check Pods Manifest.lock */ = {
			isa = PBXShellScriptBuildPhase;
			buildActionMask = 2147483647;
			files = (
			);
			inputFileListPaths = (
			);
			inputPaths = (
				"${PODS_PODFILE_DIR_PATH}/Podfile.lock",
				"${PODS_ROOT}/Manifest.lock",
			);
			name = "[CP] Check Pods Manifest.lock";
			outputFileListPaths = (
			);
			outputPaths = (
				"$(DERIVED_FILE_DIR)/Pods-InvestmentUITests-checkManifestLockResult.txt",
			);
			runOnlyForDeploymentPostprocessing = 0;
			shellPath = /bin/sh;
			shellScript = "diff \"${PODS_PODFILE_DIR_PATH}/Podfile.lock\" \"${PODS_ROOT}/Manifest.lock\" > /dev/null\nif [ $? != 0 ] ; then\n    # print error to STDERR\n    echo \"error: The sandbox is not in sync with the Podfile.lock. Run 'pod install' or update your CocoaPods installation.\" >&2\n    exit 1\nfi\n# This output is used by Xcode 'outputs' to avoid re-running this script phase.\necho \"SUCCESS\" > \"${SCRIPT_OUTPUT_FILE_0}\"\n";
			showEnvVarsInLog = 0;
		};
/* End PBXShellScriptBuildPhase section */

/* Begin PBXSourcesBuildPhase section */
		EFD8A2E6232BF62C00943BAB /* Sources */ = {
			isa = PBXSourcesBuildPhase;
			buildActionMask = 2147483647;
			files = (
				EF9EED24232C17A000613058 /* LoginViewController.swift in Sources */,
				EF9EED14232C122800613058 /* Fonts.swift in Sources */,
				EFD8A2F0232BF62C00943BAB /* ViewController.swift in Sources */,
				EF9EED0D232C0F0600613058 /* Color+Extension.swift in Sources */,
				EF9EED0B232C0EB200613058 /* Theme.swift in Sources */,
				EFD8A2F6232BF62C00943BAB /* Investment.xcdatamodeld in Sources */,
				EFD8A2EE232BF62C00943BAB /* AppDelegate.swift in Sources */,
				EF9EED26232C1B7600613058 /* SetupUI.swift in Sources */,
				EF9EED12232C11F500613058 /* CollectionViewCell+Extension.swift in Sources */,
				EF9EED0F232C0F2000613058 /* Constants.swift in Sources */,
				EF9EED28232C1C4900613058 /* Style.swift in Sources */,
			);
			runOnlyForDeploymentPostprocessing = 0;
		};
		EFD8A2FD232BF62D00943BAB /* Sources */ = {
			isa = PBXSourcesBuildPhase;
			buildActionMask = 2147483647;
			files = (
				EFD8A306232BF62D00943BAB /* InvestmentTests.swift in Sources */,
			);
			runOnlyForDeploymentPostprocessing = 0;
		};
		EFD8A308232BF62D00943BAB /* Sources */ = {
			isa = PBXSourcesBuildPhase;
			buildActionMask = 2147483647;
			files = (
				EFD8A311232BF62D00943BAB /* InvestmentUITests.swift in Sources */,
			);
			runOnlyForDeploymentPostprocessing = 0;
		};
/* End PBXSourcesBuildPhase section */

/* Begin PBXTargetDependency section */
		EFD8A303232BF62D00943BAB /* PBXTargetDependency */ = {
			isa = PBXTargetDependency;
			target = EFD8A2E9232BF62C00943BAB /* Investment */;
			targetProxy = EFD8A302232BF62D00943BAB /* PBXContainerItemProxy */;
		};
		EFD8A30E232BF62D00943BAB /* PBXTargetDependency */ = {
			isa = PBXTargetDependency;
			target = EFD8A2E9232BF62C00943BAB /* Investment */;
			targetProxy = EFD8A30D232BF62D00943BAB /* PBXContainerItemProxy */;
		};
/* End PBXTargetDependency section */

/* Begin PBXVariantGroup section */
		EFD8A2F1232BF62C00943BAB /* Main.storyboard */ = {
			isa = PBXVariantGroup;
			children = (
				EFD8A2F2232BF62C00943BAB /* Base */,
			);
			name = Main.storyboard;
			sourceTree = "<group>";
		};
		EFD8A2F9232BF62C00943BAB /* LaunchScreen.storyboard */ = {
			isa = PBXVariantGroup;
			children = (
				EFD8A2FA232BF62C00943BAB /* Base */,
			);
			name = LaunchScreen.storyboard;
			sourceTree = "<group>";
		};
/* End PBXVariantGroup section */

/* Begin XCBuildConfiguration section */
		EFD8A313232BF62D00943BAB /* Debug */ = {
			isa = XCBuildConfiguration;
			buildSettings = {
				ALWAYS_SEARCH_USER_PATHS = NO;
				CLANG_ANALYZER_NONNULL = YES;
				CLANG_ANALYZER_NUMBER_OBJECT_CONVERSION = YES_AGGRESSIVE;
				CLANG_CXX_LANGUAGE_STANDARD = "gnu++14";
				CLANG_CXX_LIBRARY = "libc++";
				CLANG_ENABLE_MODULES = YES;
				CLANG_ENABLE_OBJC_ARC = YES;
				CLANG_ENABLE_OBJC_WEAK = YES;
				CLANG_WARN_BLOCK_CAPTURE_AUTORELEASING = YES;
				CLANG_WARN_BOOL_CONVERSION = YES;
				CLANG_WARN_COMMA = YES;
				CLANG_WARN_CONSTANT_CONVERSION = YES;
				CLANG_WARN_DEPRECATED_OBJC_IMPLEMENTATIONS = YES;
				CLANG_WARN_DIRECT_OBJC_ISA_USAGE = YES_ERROR;
				CLANG_WARN_DOCUMENTATION_COMMENTS = YES;
				CLANG_WARN_EMPTY_BODY = YES;
				CLANG_WARN_ENUM_CONVERSION = YES;
				CLANG_WARN_INFINITE_RECURSION = YES;
				CLANG_WARN_INT_CONVERSION = YES;
				CLANG_WARN_NON_LITERAL_NULL_CONVERSION = YES;
				CLANG_WARN_OBJC_IMPLICIT_RETAIN_SELF = YES;
				CLANG_WARN_OBJC_LITERAL_CONVERSION = YES;
				CLANG_WARN_OBJC_ROOT_CLASS = YES_ERROR;
				CLANG_WARN_RANGE_LOOP_ANALYSIS = YES;
				CLANG_WARN_STRICT_PROTOTYPES = YES;
				CLANG_WARN_SUSPICIOUS_MOVE = YES;
				CLANG_WARN_UNGUARDED_AVAILABILITY = YES_AGGRESSIVE;
				CLANG_WARN_UNREACHABLE_CODE = YES;
				CLANG_WARN__DUPLICATE_METHOD_MATCH = YES;
				CODE_SIGN_IDENTITY = "iPhone Developer";
				COPY_PHASE_STRIP = NO;
				DEBUG_INFORMATION_FORMAT = dwarf;
				ENABLE_STRICT_OBJC_MSGSEND = YES;
				ENABLE_TESTABILITY = YES;
				GCC_C_LANGUAGE_STANDARD = gnu11;
				GCC_DYNAMIC_NO_PIC = NO;
				GCC_NO_COMMON_BLOCKS = YES;
				GCC_OPTIMIZATION_LEVEL = 0;
				GCC_PREPROCESSOR_DEFINITIONS = (
					"DEBUG=1",
					"$(inherited)",
				);
				GCC_WARN_64_TO_32_BIT_CONVERSION = YES;
				GCC_WARN_ABOUT_RETURN_TYPE = YES_ERROR;
				GCC_WARN_UNDECLARED_SELECTOR = YES;
				GCC_WARN_UNINITIALIZED_AUTOS = YES_AGGRESSIVE;
				GCC_WARN_UNUSED_FUNCTION = YES;
				GCC_WARN_UNUSED_VARIABLE = YES;
				IPHONEOS_DEPLOYMENT_TARGET = 12.4;
				MTL_ENABLE_DEBUG_INFO = INCLUDE_SOURCE;
				MTL_FAST_MATH = YES;
				ONLY_ACTIVE_ARCH = YES;
				SDKROOT = iphoneos;
				SWIFT_ACTIVE_COMPILATION_CONDITIONS = DEBUG;
				SWIFT_OPTIMIZATION_LEVEL = "-Onone";
			};
			name = Debug;
		};
		EFD8A314232BF62D00943BAB /* Release */ = {
			isa = XCBuildConfiguration;
			buildSettings = {
				ALWAYS_SEARCH_USER_PATHS = NO;
				CLANG_ANALYZER_NONNULL = YES;
				CLANG_ANALYZER_NUMBER_OBJECT_CONVERSION = YES_AGGRESSIVE;
				CLANG_CXX_LANGUAGE_STANDARD = "gnu++14";
				CLANG_CXX_LIBRARY = "libc++";
				CLANG_ENABLE_MODULES = YES;
				CLANG_ENABLE_OBJC_ARC = YES;
				CLANG_ENABLE_OBJC_WEAK = YES;
				CLANG_WARN_BLOCK_CAPTURE_AUTORELEASING = YES;
				CLANG_WARN_BOOL_CONVERSION = YES;
				CLANG_WARN_COMMA = YES;
				CLANG_WARN_CONSTANT_CONVERSION = YES;
				CLANG_WARN_DEPRECATED_OBJC_IMPLEMENTATIONS = YES;
				CLANG_WARN_DIRECT_OBJC_ISA_USAGE = YES_ERROR;
				CLANG_WARN_DOCUMENTATION_COMMENTS = YES;
				CLANG_WARN_EMPTY_BODY = YES;
				CLANG_WARN_ENUM_CONVERSION = YES;
				CLANG_WARN_INFINITE_RECURSION = YES;
				CLANG_WARN_INT_CONVERSION = YES;
				CLANG_WARN_NON_LITERAL_NULL_CONVERSION = YES;
				CLANG_WARN_OBJC_IMPLICIT_RETAIN_SELF = YES;
				CLANG_WARN_OBJC_LITERAL_CONVERSION = YES;
				CLANG_WARN_OBJC_ROOT_CLASS = YES_ERROR;
				CLANG_WARN_RANGE_LOOP_ANALYSIS = YES;
				CLANG_WARN_STRICT_PROTOTYPES = YES;
				CLANG_WARN_SUSPICIOUS_MOVE = YES;
				CLANG_WARN_UNGUARDED_AVAILABILITY = YES_AGGRESSIVE;
				CLANG_WARN_UNREACHABLE_CODE = YES;
				CLANG_WARN__DUPLICATE_METHOD_MATCH = YES;
				CODE_SIGN_IDENTITY = "iPhone Developer";
				COPY_PHASE_STRIP = NO;
				DEBUG_INFORMATION_FORMAT = "dwarf-with-dsym";
				ENABLE_NS_ASSERTIONS = NO;
				ENABLE_STRICT_OBJC_MSGSEND = YES;
				GCC_C_LANGUAGE_STANDARD = gnu11;
				GCC_NO_COMMON_BLOCKS = YES;
				GCC_WARN_64_TO_32_BIT_CONVERSION = YES;
				GCC_WARN_ABOUT_RETURN_TYPE = YES_ERROR;
				GCC_WARN_UNDECLARED_SELECTOR = YES;
				GCC_WARN_UNINITIALIZED_AUTOS = YES_AGGRESSIVE;
				GCC_WARN_UNUSED_FUNCTION = YES;
				GCC_WARN_UNUSED_VARIABLE = YES;
				IPHONEOS_DEPLOYMENT_TARGET = 12.4;
				MTL_ENABLE_DEBUG_INFO = NO;
				MTL_FAST_MATH = YES;
				SDKROOT = iphoneos;
				SWIFT_COMPILATION_MODE = wholemodule;
				SWIFT_OPTIMIZATION_LEVEL = "-O";
				VALIDATE_PRODUCT = YES;
			};
			name = Release;
		};
		EFD8A316232BF62D00943BAB /* Debug */ = {
			isa = XCBuildConfiguration;
			baseConfigurationReference = B613B81FBB033BE8D7EC88D1 /* Pods-Investment.debug.xcconfig */;
			buildSettings = {
				ASSETCATALOG_COMPILER_APPICON_NAME = AppIcon;
				CODE_SIGN_STYLE = Automatic;
				DEVELOPMENT_TEAM = F48MGZ2AUR;
				INFOPLIST_FILE = Investment/Info.plist;
				LD_RUNPATH_SEARCH_PATHS = (
					"$(inherited)",
					"@executable_path/Frameworks",
				);
				PRODUCT_BUNDLE_IDENTIFIER = tcasablancas.Investment;
				PRODUCT_NAME = "$(TARGET_NAME)";
				SWIFT_VERSION = 5.0;
				TARGETED_DEVICE_FAMILY = "1,2";
			};
			name = Debug;
		};
		EFD8A317232BF62D00943BAB /* Release */ = {
			isa = XCBuildConfiguration;
			baseConfigurationReference = EC0D9C54209EE9A3D9FF029C /* Pods-Investment.release.xcconfig */;
			buildSettings = {
				ASSETCATALOG_COMPILER_APPICON_NAME = AppIcon;
				CODE_SIGN_STYLE = Automatic;
				DEVELOPMENT_TEAM = F48MGZ2AUR;
				INFOPLIST_FILE = Investment/Info.plist;
				LD_RUNPATH_SEARCH_PATHS = (
					"$(inherited)",
					"@executable_path/Frameworks",
				);
				PRODUCT_BUNDLE_IDENTIFIER = tcasablancas.Investment;
				PRODUCT_NAME = "$(TARGET_NAME)";
				SWIFT_VERSION = 5.0;
				TARGETED_DEVICE_FAMILY = "1,2";
			};
			name = Release;
		};
		EFD8A319232BF62D00943BAB /* Debug */ = {
			isa = XCBuildConfiguration;
			baseConfigurationReference = 9C99B3AA8F348681B03F065C /* Pods-InvestmentTests.debug.xcconfig */;
			buildSettings = {
				ALWAYS_EMBED_SWIFT_STANDARD_LIBRARIES = YES;
				BUNDLE_LOADER = "$(TEST_HOST)";
				CODE_SIGN_STYLE = Automatic;
				DEVELOPMENT_TEAM = F48MGZ2AUR;
				INFOPLIST_FILE = InvestmentTests/Info.plist;
				LD_RUNPATH_SEARCH_PATHS = (
					"$(inherited)",
					"@executable_path/Frameworks",
					"@loader_path/Frameworks",
				);
				PRODUCT_BUNDLE_IDENTIFIER = tcasablancas.InvestmentTests;
				PRODUCT_NAME = "$(TARGET_NAME)";
				SWIFT_VERSION = 5.0;
				TARGETED_DEVICE_FAMILY = "1,2";
				TEST_HOST = "$(BUILT_PRODUCTS_DIR)/Investment.app/Investment";
			};
			name = Debug;
		};
		EFD8A31A232BF62D00943BAB /* Release */ = {
			isa = XCBuildConfiguration;
			baseConfigurationReference = 4309D9C52D46D7FD22A17727 /* Pods-InvestmentTests.release.xcconfig */;
			buildSettings = {
				ALWAYS_EMBED_SWIFT_STANDARD_LIBRARIES = YES;
				BUNDLE_LOADER = "$(TEST_HOST)";
				CODE_SIGN_STYLE = Automatic;
				DEVELOPMENT_TEAM = F48MGZ2AUR;
				INFOPLIST_FILE = InvestmentTests/Info.plist;
				LD_RUNPATH_SEARCH_PATHS = (
					"$(inherited)",
					"@executable_path/Frameworks",
					"@loader_path/Frameworks",
				);
				PRODUCT_BUNDLE_IDENTIFIER = tcasablancas.InvestmentTests;
				PRODUCT_NAME = "$(TARGET_NAME)";
				SWIFT_VERSION = 5.0;
				TARGETED_DEVICE_FAMILY = "1,2";
				TEST_HOST = "$(BUILT_PRODUCTS_DIR)/Investment.app/Investment";
			};
			name = Release;
		};
		EFD8A31C232BF62D00943BAB /* Debug */ = {
			isa = XCBuildConfiguration;
			baseConfigurationReference = 8B82043C098FA6EBE5A2590C /* Pods-InvestmentUITests.debug.xcconfig */;
			buildSettings = {
				ALWAYS_EMBED_SWIFT_STANDARD_LIBRARIES = YES;
				CODE_SIGN_STYLE = Automatic;
				DEVELOPMENT_TEAM = F48MGZ2AUR;
				INFOPLIST_FILE = InvestmentUITests/Info.plist;
				LD_RUNPATH_SEARCH_PATHS = (
					"$(inherited)",
					"@executable_path/Frameworks",
					"@loader_path/Frameworks",
				);
				PRODUCT_BUNDLE_IDENTIFIER = tcasablancas.InvestmentUITests;
				PRODUCT_NAME = "$(TARGET_NAME)";
				SWIFT_VERSION = 5.0;
				TARGETED_DEVICE_FAMILY = "1,2";
				TEST_TARGET_NAME = Investment;
			};
			name = Debug;
		};
		EFD8A31D232BF62D00943BAB /* Release */ = {
			isa = XCBuildConfiguration;
			baseConfigurationReference = 512C82358D62739B4B6FC363 /* Pods-InvestmentUITests.release.xcconfig */;
			buildSettings = {
				ALWAYS_EMBED_SWIFT_STANDARD_LIBRARIES = YES;
				CODE_SIGN_STYLE = Automatic;
				DEVELOPMENT_TEAM = F48MGZ2AUR;
				INFOPLIST_FILE = InvestmentUITests/Info.plist;
				LD_RUNPATH_SEARCH_PATHS = (
					"$(inherited)",
					"@executable_path/Frameworks",
					"@loader_path/Frameworks",
				);
				PRODUCT_BUNDLE_IDENTIFIER = tcasablancas.InvestmentUITests;
				PRODUCT_NAME = "$(TARGET_NAME)";
				SWIFT_VERSION = 5.0;
				TARGETED_DEVICE_FAMILY = "1,2";
				TEST_TARGET_NAME = Investment;
			};
			name = Release;
		};
/* End XCBuildConfiguration section */

/* Begin XCConfigurationList section */
		EFD8A2E5232BF62C00943BAB /* Build configuration list for PBXProject "Investment" */ = {
			isa = XCConfigurationList;
			buildConfigurations = (
				EFD8A313232BF62D00943BAB /* Debug */,
				EFD8A314232BF62D00943BAB /* Release */,
			);
			defaultConfigurationIsVisible = 0;
			defaultConfigurationName = Release;
		};
		EFD8A315232BF62D00943BAB /* Build configuration list for PBXNativeTarget "Investment" */ = {
			isa = XCConfigurationList;
			buildConfigurations = (
				EFD8A316232BF62D00943BAB /* Debug */,
				EFD8A317232BF62D00943BAB /* Release */,
			);
			defaultConfigurationIsVisible = 0;
			defaultConfigurationName = Release;
		};
		EFD8A318232BF62D00943BAB /* Build configuration list for PBXNativeTarget "InvestmentTests" */ = {
			isa = XCConfigurationList;
			buildConfigurations = (
				EFD8A319232BF62D00943BAB /* Debug */,
				EFD8A31A232BF62D00943BAB /* Release */,
			);
			defaultConfigurationIsVisible = 0;
			defaultConfigurationName = Release;
		};
		EFD8A31B232BF62D00943BAB /* Build configuration list for PBXNativeTarget "InvestmentUITests" */ = {
			isa = XCConfigurationList;
			buildConfigurations = (
				EFD8A31C232BF62D00943BAB /* Debug */,
				EFD8A31D232BF62D00943BAB /* Release */,
			);
			defaultConfigurationIsVisible = 0;
			defaultConfigurationName = Release;
		};
/* End XCConfigurationList section */

/* Begin XCVersionGroup section */
		EFD8A2F4232BF62C00943BAB /* Investment.xcdatamodeld */ = {
			isa = XCVersionGroup;
			children = (
				EFD8A2F5232BF62C00943BAB /* Investment.xcdatamodel */,
			);
			currentVersion = EFD8A2F5232BF62C00943BAB /* Investment.xcdatamodel */;
			path = Investment.xcdatamodeld;
			sourceTree = "<group>";
			versionGroupType = wrapper.xcdatamodel;
		};
/* End XCVersionGroup section */
	};
	rootObject = EFD8A2E2232BF62C00943BAB /* Project object */;
}
