PODS:
  - IQKeyboardManager (6.4.0)
  - IQKeyboardManagerSwift (6.4.0)

DEPENDENCIES:
  - IQKeyboardManager
  - IQKeyboardManagerSwift

SPEC REPOS:
  https://github.com/cocoapods/specs.git:
    - IQKeyboardManager
    - IQKeyboardManagerSwift

SPEC CHECKSUMS:
  IQKeyboardManager: fcef267266379c003181fc3592f6bdb8bf4db839
  IQKeyboardManagerSwift: ed9b04ee0e3067ffba543283462d619f944b05e5

PODFILE CHECKSUM: b9da3f58053bfc73ba7a04c382bf293878999529

COCOAPODS: 1.6.2
